{
  "version": 4,
  "terraform_version": "1.15.1",
  "serial": 933,
  "lineage": "d9e1e008-eb2a-0ea5-0248-d660e0d6e74c",
  "outputs": {
    "app_public_ips": {
      "value": [
        "91.107.205.217",
        "88.99.84.245"
      ],
      "type": [
        "tuple",
        [
          "string",
          "string"
        ]
      ]
    },
    "db_public_ip": {
      "value": "178.104.191.178",
      "type": "string"
    },
    "ia_load_balancer_ip": {
      "value": "91.98.220.102",
      "type": "string"
    },
    "ia_public_ip": {
      "value": "138.199.225.78",
      "type": "string"
    },
    "load_balancer_ip": {
      "value": "128.140.31.134",
      "type": "string"
    }
  },
  "resources": [
    {
      "mode": "managed",
      "type": "hcloud_firewall",
      "name": "app_fw",
      "provider": "provider[\"registry.terraform.io/hetznercloud/hcloud\"]",
      "instances": [
        {
          "schema_version": 0,
          "attributes": {
            "apply_to": [],
            "id": "10983893",
            "labels": {},
            "name": "pm-b-app-fw",
            "rule": [
              {
                "description": "",
                "destination_ips": [],
                "direction": "in",
                "port": "22",
                "protocol": "tcp",
                "source_ips": [
                  "0.0.0.0/0",
                  "::/0"
                ]
              },
              {
                "description": "",
                "destination_ips": [],
                "direction": "in",
                "port": "80",
                "protocol": "tcp",
                "source_ips": [
                  "0.0.0.0/0",
                  "::/0"
                ]
              }
            ]
          },
          "sensitive_attributes": [],
          "identity_schema_version": 0,
          "private": "bnVsbA=="
        }
      ]
    },
    {
      "mode": "managed",
      "type": "hcloud_firewall",
      "name": "db_fw",
      "provider": "provider[\"registry.terraform.io/hetznercloud/hcloud\"]",
      "instances": [
        {
          "schema_version": 0,
          "attributes": {
            "apply_to": [],
            "id": "10983895",
            "labels": {},
            "name": "pm-b-db-fw",
            "rule": [
              {
                "description": "",
                "destination_ips": [],
                "direction": "in",
                "port": "22",
                "protocol": "tcp",
                "source_ips": [
                  "0.0.0.0/0",
                  "::/0"
                ]
              },
              {
                "description": "",
                "destination_ips": [],
                "direction": "in",
                "port": "5432",
                "protocol": "tcp",
                "source_ips": [
                  "88.99.84.245/32",
                  "91.107.205.217/32"
                ]
              }
            ]
          },
          "sensitive_attributes": [],
          "identity_schema_version": 0,
          "private": "bnVsbA==",
          "dependencies": [
            "hcloud_firewall.app_fw",
            "hcloud_server.app",
            "hcloud_ssh_key.project_key"
          ]
        }
      ]
    },
    {
      "mode": "managed",
      "type": "hcloud_firewall",
      "name": "ia_fw",
      "provider": "provider[\"registry.terraform.io/hetznercloud/hcloud\"]",
      "instances": [
        {
          "schema_version": 0,
          "attributes": {
            "apply_to": [],
            "id": "10983894",
            "labels": {},
            "name": "pm-b-ia-fw",
            "rule": [
              {
                "description": "",
                "destination_ips": [],
                "direction": "in",
                "port": "22",
                "protocol": "tcp",
                "source_ips": [
                  "0.0.0.0/0",
                  "::/0"
                ]
              },
              {
                "description": "",
                "destination_ips": [],
                "direction": "in",
                "port": "8000",
                "protocol": "tcp",
                "source_ips": [
                  "0.0.0.0/0",
                  "::/0"
                ]
              }
            ]
          },
          "sensitive_attributes": [],
          "identity_schema_version": 0,
          "private": "bnVsbA=="
        }
      ]
    },
    {
      "mode": "managed",
      "type": "hcloud_load_balancer",
      "name": "ia_lb",
      "provider": "provider[\"registry.terraform.io/hetznercloud/hcloud\"]",
      "instances": [
        {
          "schema_version": 0,
          "attributes": {
            "algorithm": [
              {
                "type": "round_robin"
              }
            ],
            "delete_protection": false,
            "id": "6353882",
            "ipv4": "91.98.220.102",
            "ipv6": "2a01:4f8:c01e:2bba::1",
            "labels": {},
            "load_balancer_type": "lb11",
            "location": "fsn1",
            "name": "pm-b-ia-lb",
            "network_id": null,
            "network_ip": null,
            "network_zone": "eu-central",
            "target": []
          },
          "sensitive_attributes": [],
          "identity_schema_version": 0,
          "private": "bnVsbA=="
        }
      ]
    },
    {
      "mode": "managed",
      "type": "hcloud_load_balancer",
      "name": "lb",
      "provider": "provider[\"registry.terraform.io/hetznercloud/hcloud\"]",
      "instances": [
        {
          "schema_version": 0,
          "attributes": {
            "algorithm": [
              {
                "type": "round_robin"
              }
            ],
            "delete_protection": false,
            "id": "6353881",
            "ipv4": "128.140.31.134",
            "ipv6": "2a01:4f8:c01e:ae1::1",
            "labels": {},
            "load_balancer_type": "lb11",
            "location": "fsn1",
            "name": "pm-b-lb",
            "network_id": null,
            "network_ip": null,
            "network_zone": "eu-central",
            "target": []
          },
          "sensitive_attributes": [],
          "identity_schema_version": 0,
          "private": "bnVsbA=="
        }
      ]
    },
    {
      "mode": "managed",
      "type": "hcloud_load_balancer_service",
      "name": "https",
      "provider": "provider[\"registry.terraform.io/hetznercloud/hcloud\"]",
      "instances": [
        {
          "schema_version": 0,
          "attributes": {
            "destination_port": 80,
            "health_check": [
              {
                "http": [
                  {
                    "domain": "",
                    "path": "/",
                    "response": "",
                    "status_codes": [
                      "3??",
                      "2??"
                    ],
                    "tls": false
                  }
                ],
                "interval": 15,
                "port": 80,
                "protocol": "http",
                "retries": 3,
                "timeout": 10
              }
            ],
            "http": [
              {
                "certificates": [
                  1626514
                ],
                "cookie_lifetime": 300,
                "cookie_name": "HCLBSTICKY",
                "redirect_http": true,
                "sticky_sessions": false
              }
            ],
            "id": "6353881__443",
            "listen_port": 443,
            "load_balancer_id": "6353881",
            "protocol": "https",
            "proxyprotocol": false
          },
          "sensitive_attributes": [],
          "identity_schema_version": 0,
          "private": "bnVsbA==",
          "dependencies": [
            "hcloud_load_balancer.lb",
            "hcloud_managed_certificate.letsencrypt"
          ]
        }
      ]
    },
    {
      "mode": "managed",
      "type": "hcloud_load_balancer_service",
      "name": "ia_http",
      "provider": "provider[\"registry.terraform.io/hetznercloud/hcloud\"]",
      "instances": [
        {
          "schema_version": 0,
          "attributes": {
            "destination_port": 8000,
            "health_check": [
              {
                "http": [
                  {
                    "domain": "",
                    "path": "/docs",
                    "response": "",
                    "status_codes": [
                      "2??",
                      "3??"
                    ],
                    "tls": false
                  }
                ],
                "interval": 15,
                "port": 8000,
                "protocol": "http",
                "retries": 3,
                "timeout": 10
              }
            ],
            "http": [
              {
                "certificates": [],
                "cookie_lifetime": 300,
                "cookie_name": "HCLBSTICKY",
                "redirect_http": false,
                "sticky_sessions": false
              }
            ],
            "id": "6353882__8000",
            "listen_port": 8000,
            "load_balancer_id": "6353882",
            "protocol": "http",
            "proxyprotocol": false
          },
          "sensitive_attributes": [],
          "identity_schema_version": 0,
          "private": "bnVsbA==",
          "dependencies": [
            "hcloud_load_balancer.ia_lb"
          ]
        }
      ]
    },
    {
      "mode": "managed",
      "type": "hcloud_load_balancer_target",
      "name": "app_targets",
      "provider": "provider[\"registry.terraform.io/hetznercloud/hcloud\"]",
      "instances": [
        {
          "index_key": 0,
          "schema_version": 0,
          "attributes": {
            "id": "lb-srv-tgt-131389805-6353881",
            "ip": null,
            "label_selector": null,
            "load_balancer_id": 6353881,
            "server_id": 131389805,
            "type": "server",
            "use_private_ip": false
          },
          "sensitive_attributes": [],
          "identity_schema_version": 0,
          "private": "bnVsbA==",
          "dependencies": [
            "hcloud_firewall.app_fw",
            "hcloud_load_balancer.lb",
            "hcloud_server.app",
            "hcloud_ssh_key.project_key"
          ]
        },
        {
          "index_key": 1,
          "schema_version": 0,
          "attributes": {
            "id": "lb-srv-tgt-131389804-6353881",
            "ip": null,
            "label_selector": null,
            "load_balancer_id": 6353881,
            "server_id": 131389804,
            "type": "server",
            "use_private_ip": false
          },
          "sensitive_attributes": [],
          "identity_schema_version": 0,
          "private": "bnVsbA==",
          "dependencies": [
            "hcloud_firewall.app_fw",
            "hcloud_load_balancer.lb",
            "hcloud_server.app",
            "hcloud_ssh_key.project_key"
          ]
        }
      ]
    },
    {
      "mode": "managed",
      "type": "hcloud_load_balancer_target",
      "name": "ia_target",
      "provider": "provider[\"registry.terraform.io/hetznercloud/hcloud\"]",
      "instances": [
        {
          "schema_version": 0,
          "attributes": {
            "id": "lb-srv-tgt-131389806-6353882",
            "ip": null,
            "label_selector": null,
            "load_balancer_id": 6353882,
            "server_id": 131389806,
            "type": "server",
            "use_private_ip": false
          },
          "sensitive_attributes": [],
          "identity_schema_version": 0,
          "private": "bnVsbA==",
          "dependencies": [
            "hcloud_firewall.ia_fw",
            "hcloud_load_balancer.ia_lb",
            "hcloud_server.ia",
            "hcloud_ssh_key.project_key"
          ]
        }
      ]
    },
    {
      "mode": "managed",
      "type": "hcloud_managed_certificate",
      "name": "letsencrypt",
      "provider": "provider[\"registry.terraform.io/hetznercloud/hcloud\"]",
      "instances": [
        {
          "schema_version": 1,
          "attributes": {
            "certificate": "-----BEGIN CERTIFICATE-----\nMIIFCTCCA/GgAwIBAgISBkde6a6HyQERwWN6a/PRnlbZMA0GCSqGSIb3DQEBCwUA\nMDMxCzAJBgNVBAYTAlVTMRYwFAYDVQQKEw1MZXQncyBFbmNyeXB0MQwwCgYDVQQD\nEwNSMTIwHhcNMjYwNTE3MDA0MDM1WhcNMjYwODE1MDA0MDM0WjAbMRkwFwYDVQQD\nExB3d3cub3JieXRlZS50ZWNoMIIBIjANBgkqhkiG9w0BAQEFAAOCAQ8AMIIBCgKC\nAQEAoIvne+85/yVbvhYd+6AqR2v5Oy/FPeHiEtxAHNsI1akrHYI2lITq/NrYEjFI\n8WGcFqDWkEIp9Cfx5u41QrojDFj5oLZnfqhfS2Ebhayj3L28eM7SnqqyFD05UzMG\nsx0dPesq0BLwYBN7VRicb4xddyIBsHkmP9yabPUdbdlriBm1P6WWAZP84c77Qbek\ny42qPPLjPrY509VjXdj27R6mLEnT2wQDX1MM1e7yUKoHU7D6WOrp7ryTo/PPjtES\nJyeM3I/6N+nfrn1GMUN6ukun7//K5kx5uibSII52E09gcLvOi8pK1ixYg9fFEQRL\nuA1BJA0sJV2cGZR9lSmF188SJwIDAQABo4ICLTCCAikwDgYDVR0PAQH/BAQDAgWg\nMBMGA1UdJQQMMAoGCCsGAQUFBwMBMAwGA1UdEwEB/wQCMAAwHQYDVR0OBBYEFNDW\nm6DOhAwwSXGQ6EfgK/gapy12MB8GA1UdIwQYMBaAFAC1KfItjm8x6JtMrXg++tzp\nDNHSMDMGCCsGAQUFBwEBBCcwJTAjBggrBgEFBQcwAoYXaHR0cDovL3IxMi5pLmxl\nbmNyLm9yZy8wKQYDVR0RBCIwIIIMb3JieXRlZS50ZWNoghB3d3cub3JieXRlZS50\nZWNoMBMGA1UdIAQMMAowCAYGZ4EMAQIBMC4GA1UdHwQnMCUwI6AhoB+GHWh0dHA6\nLy9yMTIuYy5sZW5jci5vcmcvOTAuY3JsMIIBDQYKKwYBBAHWeQIEAgSB/gSB+wD5\nAHcAlE5Dh/rswe+B8xkkJqgYZQHH0184AgE/cmd9VTcuGdgAAAGeM5Y/xgAABAMA\nSDBGAiEAxk+XSYymAW0ViFBJcm3pd2PdcPjtoiBiRMn76v4QWfMCIQDUzG7n/kTR\ncMyRlItP/j9t9e8Bf2atv92Rq9UBFAs+4QB+ABqLnWsP/r+BtHk5xtIxCobW0QLU\n8EbiGCyd419eJiXvAAABnjOWQWQACAAABQATlaUTBAMARzBFAiAxHutDGIB+DsnU\nFz3UBYoVZFaSvPmUXcnovKHacglSbQIhAMnks1IpfiVLQ+0J+b+VMoZ/nx6RwZUy\nU4UECuddLpg1MA0GCSqGSIb3DQEBCwUAA4IBAQAtIaDU0yT0uPSb++7qU2z+cyIG\n4MSypcAbkxZfBl9PlvexkyZhfOlkAPUIfMZvke66ycPpP8KvUf9ocMJZt3GFN3GD\nLJAJLBGy/POf6OMnS5TTcZ7SHed5exQqHZNDB3WnoYg21wvTwkbomkP2lu53/i6L\nfL+T/8ofQAEkSwtt09Lf+Q8III9fw4dBHRoCtaaxv8jleQTOQ45zvLO/3asgAeph\nZqKdLEtt5TFEUjd03vUhl5YiwylLQl2JK6e6PyCWBYKxZLbvnv7xbX3NU2rzA/h5\nYDh4z9/Wvbplknv9NUQRfKbZP1+QnAL1XwDqWn3hc7fvZheuNpV0iWJjqc5V\n-----END CERTIFICATE-----\n\n-----BEGIN CERTIFICATE-----\nMIIFBjCCAu6gAwIBAgIRAMISMktwqbSRcdxA9+KFJjwwDQYJKoZIhvcNAQELBQAw\nTzELMAkGA1UEBhMCVVMxKTAnBgNVBAoTIEludGVybmV0IFNlY3VyaXR5IFJlc2Vh\ncmNoIEdyb3VwMRUwEwYDVQQDEwxJU1JHIFJvb3QgWDEwHhcNMjQwMzEzMDAwMDAw\nWhcNMjcwMzEyMjM1OTU5WjAzMQswCQYDVQQGEwJVUzEWMBQGA1UEChMNTGV0J3Mg\nRW5jcnlwdDEMMAoGA1UEAxMDUjEyMIIBIjANBgkqhkiG9w0BAQEFAAOCAQ8AMIIB\nCgKCAQEA2pgodK2+lP474B7i5Ut1qywSf+2nAzJ+Npfs6DGPpRONC5kuHs0BUT1M\n5ShuCVUxqqUiXXL0LQfCTUA83wEjuXg39RplMjTmhnGdBO+ECFu9AhqZ66YBAJpz\nkG2Pogeg0JfT2kVhgTU9FPnEwF9q3AuWGrCf4yrqvSrWmMebcas7dA8827JgvlpL\nThjp2ypzXIlhZZ7+7Tymy05v5J75AEaz/xlNKmOzjmbGGIVwx1Blbzt05UiDDwhY\nXS0jnV6j/ujbAKHS9OMZTfLuevYnnuXNnC2i8n+cF63vEzc50bTILEHWhsDp7CH4\nWRt/uTp8n1wBnWIEwii9Cq08yhDsGwIDAQABo4H4MIH1MA4GA1UdDwEB/wQEAwIB\nhjAdBgNVHSUEFjAUBggrBgEFBQcDAgYIKwYBBQUHAwEwEgYDVR0TAQH/BAgwBgEB\n/wIBADAdBgNVHQ4EFgQUALUp8i2ObzHom0yteD763OkM0dIwHwYDVR0jBBgwFoAU\nebRZ5nu25eQBc4AIiMgaWPbpm24wMgYIKwYBBQUHAQEEJjAkMCIGCCsGAQUFBzAC\nhhZodHRwOi8veDEuaS5sZW5jci5vcmcvMBMGA1UdIAQMMAowCAYGZ4EMAQIBMCcG\nA1UdHwQgMB4wHKAaoBiGFmh0dHA6Ly94MS5jLmxlbmNyLm9yZy8wDQYJKoZIhvcN\nAQELBQADggIBAI910AnPanZIZTKS3rVEyIV29BWEjAK/duuz8eL5boSoVpHhkkv3\n4eoAeEiPdZLj5EZ7G2ArIK+gzhTlRQ1q4FKGpPPaFBSpqV/xbUb5UlAXQOnkHn3m\nFVj+qYv87/WeY+Bm4sN3Ox8BhyaU7UAQ3LeZ7N1X01xxQe4wIAAE3JVLUCiHmZL+\nqoCUtgYIFPgcg350QMUIWgxPXNGEncT921ne7nluI02V8pLUmClqXOsCwULw+PVO\nZCB7qOMxxMBoCUeL2Ll4oMpOSr5pJCpLN3tRA2s6P1KLs9TSrVhOk+7LX28NMUlI\nusQ/nxLJID0RhAeFtPjyOCOscQBA53+NRjSCak7P4A5jX7ppmkcJECL+S0i3kXVU\ny5Me5BbrU8973jZNv/ax6+ZK6TM8jWmimL6of6OrX7ZU6E2WqazzsFrLG3o2kySb\nzlhSgJ81Cl4tv3SbYiYXnJExKQvzf83DYotox3f0fwv7xln1A2ZLplCb0O+l/AK0\nYE0DS2FPxSAHi0iwMfW2nNHJrXcY3LLHD77gRgje4Eveubi2xxa+Nmk/hmhLdIET\niVDFanoCrMVIpQ59XWHkzdFmoHXHBV7oibVjGSO7ULSQ7MJ1Nz51phuDJSgAIU7A\n0zrLnOrAj/dfrlEWRhCvAgbuwLZX1A2sjNjXoPOHbsPiy+lO1KF8/XY7\n-----END CERTIFICATE-----\n",
            "created": "2026-05-17T01:38:34Z",
            "domain_names": [
              "orbytee.tech",
              "www.orbytee.tech"
            ],
            "fingerprint": "17:A7:AF:D3:44:7E:A0:A7:A3:7B:72:A2:BC:3E:AC:E1:6D:AA:46:68:66:F3:C0:53:C5:EF:D2:98:68:E4:76:9A",
            "id": "1626514",
            "labels": null,
            "name": "orbytee.tech-ssl",
            "not_valid_after": "2026-08-15T00:40:34Z",
            "not_valid_before": "2026-05-17T00:40:35Z",
            "type": "managed"
          },
          "sensitive_attributes": [],
          "identity_schema_version": 0,
          "private": "eyJzY2hlbWFfdmVyc2lvbiI6IjEifQ=="
        }
      ]
    },
    {
      "mode": "managed",
      "type": "hcloud_server",
      "name": "app",
      "provider": "provider[\"registry.terraform.io/hetznercloud/hcloud\"]",
      "instances": [
        {
          "index_key": 0,
          "schema_version": 0,
          "attributes": {
            "allow_deprecated_images": false,
            "backup_window": "",
            "backups": false,
            "datacenter": "fsn1-dc14",
            "delete_protection": false,
            "firewall_ids": [
              10983893
            ],
            "id": "131389805",
            "ignore_remote_firewall_ids": false,
            "image": "ubuntu-22.04",
            "ipv4_address": "91.107.205.217",
            "ipv6_address": "2a01:4f8:1c17:786e::1",
            "ipv6_network": "2a01:4f8:1c17:786e::/64",
            "iso": null,
            "keep_disk": false,
            "labels": null,
            "location": "fsn1",
            "name": "pm-b-app-1",
            "network": [],
            "placement_group_id": 0,
            "primary_disk_size": 40,
            "public_net": [],
            "rebuild_protection": false,
            "rescue": null,
            "server_type": "cx23",
            "shutdown_before_deletion": false,
            "ssh_keys": [
              "112399453"
            ],
            "status": "running",
            "timeouts": null,
            "user_data": null
          },
          "sensitive_attributes": [],
          "identity_schema_version": 0,
          "private": "eyJlMmJmYjczMC1lY2FhLTExZTYtOGY4OC0zNDM2M2JjN2M0YzAiOnsiY3JlYXRlIjo1NDAwMDAwMDAwMDAwfX0=",
          "dependencies": [
            "hcloud_firewall.app_fw",
            "hcloud_ssh_key.project_key"
          ]
        },
        {
          "index_key": 1,
          "schema_version": 0,
          "attributes": {
            "allow_deprecated_images": false,
            "backup_window": "",
            "backups": false,
            "datacenter": "fsn1-dc14",
            "delete_protection": false,
            "firewall_ids": [
              10983893
            ],
            "id": "131389804",
            "ignore_remote_firewall_ids": false,
            "image": "ubuntu-22.04",
            "ipv4_address": "88.99.84.245",
            "ipv6_address": "2a01:4f8:c013:23d0::1",
            "ipv6_network": "2a01:4f8:c013:23d0::/64",
            "iso": null,
            "keep_disk": false,
            "labels": null,
            "location": "fsn1",
            "name": "pm-b-app-2",
            "network": [],
            "placement_group_id": 0,
            "primary_disk_size": 40,
            "public_net": [],
            "rebuild_protection": false,
            "rescue": null,
            "server_type": "cx23",
            "shutdown_before_deletion": false,
            "ssh_keys": [
              "112399453"
            ],
            "status": "running",
            "timeouts": null,
            "user_data": null
          },
          "sensitive_attributes": [],
          "identity_schema_version": 0,
          "private": "eyJlMmJmYjczMC1lY2FhLTExZTYtOGY4OC0zNDM2M2JjN2M0YzAiOnsiY3JlYXRlIjo1NDAwMDAwMDAwMDAwfX0=",
          "dependencies": [
            "hcloud_firewall.app_fw",
            "hcloud_ssh_key.project_key"
          ]
        }
      ]
    },
    {
      "mode": "managed",
      "type": "hcloud_server",
      "name": "db",
      "provider": "provider[\"registry.terraform.io/hetznercloud/hcloud\"]",
      "instances": [
        {
          "schema_version": 0,
          "attributes": {
            "allow_deprecated_images": false,
            "backup_window": "",
            "backups": false,
            "datacenter": "fsn1-dc14",
            "delete_protection": false,
            "firewall_ids": [
              10983895
            ],
            "id": "131389812",
            "ignore_remote_firewall_ids": false,
            "image": "ubuntu-22.04",
            "ipv4_address": "178.104.191.178",
            "ipv6_address": "2a01:4f8:c014:148c::1",
            "ipv6_network": "2a01:4f8:c014:148c::/64",
            "iso": null,
            "keep_disk": false,
            "labels": null,
            "location": "fsn1",
            "name": "pm-b-db-1",
            "network": [],
            "placement_group_id": 0,
            "primary_disk_size": 40,
            "public_net": [],
            "rebuild_protection": false,
            "rescue": null,
            "server_type": "cx23",
            "shutdown_before_deletion": false,
            "ssh_keys": [
              "112399453"
            ],
            "status": "running",
            "timeouts": null,
            "user_data": null
          },
          "sensitive_attributes": [],
          "identity_schema_version": 0,
          "private": "eyJlMmJmYjczMC1lY2FhLTExZTYtOGY4OC0zNDM2M2JjN2M0YzAiOnsiY3JlYXRlIjo1NDAwMDAwMDAwMDAwfX0=",
          "dependencies": [
            "hcloud_firewall.app_fw",
            "hcloud_firewall.db_fw",
            "hcloud_server.app",
            "hcloud_ssh_key.project_key"
          ]
        }
      ]
    },
    {
      "mode": "managed",
      "type": "hcloud_server",
      "name": "ia",
      "provider": "provider[\"registry.terraform.io/hetznercloud/hcloud\"]",
      "instances": [
        {
          "schema_version": 0,
          "attributes": {
            "allow_deprecated_images": false,
            "backup_window": "",
            "backups": false,
            "datacenter": "fsn1-dc14",
            "delete_protection": false,
            "firewall_ids": [
              10983894
            ],
            "id": "131389806",
            "ignore_remote_firewall_ids": false,
            "image": "ubuntu-22.04",
            "ipv4_address": "138.199.225.78",
            "ipv6_address": "2a01:4f8:c014:60d7::1",
            "ipv6_network": "2a01:4f8:c014:60d7::/64",
            "iso": null,
            "keep_disk": false,
            "labels": null,
            "location": "fsn1",
            "name": "pm-b-ia-1",
            "network": [],
            "placement_group_id": 0,
            "primary_disk_size": 40,
            "public_net": [],
            "rebuild_protection": false,
            "rescue": null,
            "server_type": "cx23",
            "shutdown_before_deletion": false,
            "ssh_keys": [
              "112399453"
            ],
            "status": "running",
            "timeouts": null,
            "user_data": null
          },
          "sensitive_attributes": [],
          "identity_schema_version": 0,
          "private": "eyJlMmJmYjczMC1lY2FhLTExZTYtOGY4OC0zNDM2M2JjN2M0YzAiOnsiY3JlYXRlIjo1NDAwMDAwMDAwMDAwfX0=",
          "dependencies": [
            "hcloud_firewall.ia_fw",
            "hcloud_ssh_key.project_key"
          ]
        }
      ]
    },
    {
      "mode": "managed",
      "type": "hcloud_ssh_key",
      "name": "project_key",
      "provider": "provider[\"registry.terraform.io/hetznercloud/hcloud\"]",
      "instances": [
        {
          "schema_version": 0,
          "attributes": {
            "fingerprint": "94:fe:5c:e9:8f:ee:96:80:a7:b5:1e:7d:b5:4c:81:83",
            "id": "112399453",
            "labels": {},
            "name": "pm-b-infra-key",
            "public_key": "ssh-ed25519 AAAAC3NzaC1lZDI1NTE5AAAAINCa/d1+bKsJMnyfsujXnt4zPYMFZ4cswcNdnUbz2e+l pm-b-infra\r\n"
          },
          "sensitive_attributes": [],
          "identity_schema_version": 0
        }
      ]
    }
  ],
  "check_results": null
}
