{
  "version": 4,
  "terraform_version": "1.15.1",
  "serial": 1136,
  "lineage": "d9e1e008-eb2a-0ea5-0248-d660e0d6e74c",
  "outputs": {
    "app_public_ips": {
      "value": [
        "138.199.225.78",
        "88.99.84.245"
      ],
      "type": [
        "tuple",
        [
          "string",
          "string"
        ]
      ]
    },
    "db_public_ip": {
      "value": "178.104.191.178",
      "type": "string"
    },
    "ia_load_balancer_ip": {
      "value": "91.98.220.102",
      "type": "string"
    },
    "ia_public_ip": {
      "value": "91.107.205.217",
      "type": "string"
    },
    "load_balancer_ip": {
      "value": "128.140.31.134",
      "type": "string"
    }
  },
  "resources": [
    {
      "mode": "data",
      "type": "hcloud_certificate",
      "name": "mon_certificat_fixe",
      "provider": "provider[\"registry.terraform.io/hetznercloud/hcloud\"]",
      "instances": [
        {
          "schema_version": 0,
          "attributes": {
            "certificate": "-----BEGIN CERTIFICATE-----\nMIIFAzCCA+ugAwIBAgISBZJIT2AklpMK0AE3PK9xJqLlMA0GCSqGSIb3DQEBCwUA\nMDMxCzAJBgNVBAYTAlVTMRYwFAYDVQQKEw1MZXQncyBFbmNyeXB0MQwwCgYDVQQD\nEwNSMTIwHhcNMjYwNTE4MTQyODA5WhcNMjYwODE2MTQyODA4WjAZMRcwFQYDVQQD\nDA4qLm9yYnl0ZWUudGVjaDCCASIwDQYJKoZIhvcNAQEBBQADggEPADCCAQoCggEB\nANLUN4gZMAqoRdx/uou9IS6CmSwmoxZKtd7n5sAWxjYd+0OcRsz75M8ggxjpCk/x\nOsYfzaiJXdlWL61y6K/vWM6EHY/1G8U52TsFg7XO0SOXqg2jO/LpAS2KkBvXyFmd\nrz3AefDPuLJ3tb1risy9mihOrvIHpy07JWAJBfd3fnSnoXBFUGKbUX+1TNDAXAbP\nVichHde02Tze4OcoSuagK4Gzv8NLyxmchM0e/C13mEtIyurjAkiJx2r1T3eAxHQe\nEnQjqMOmBIrAGZO7x0hLi2j0qJdfGpYmW3FE6TDVa5CiNLrFQ4INggeJZW1P5l3U\nsolR3wvqD+qPslP8T+FATVECAwEAAaOCAikwggIlMA4GA1UdDwEB/wQEAwIFoDAT\nBgNVHSUEDDAKBggrBgEFBQcDATAMBgNVHRMBAf8EAjAAMB0GA1UdDgQWBBRm/axI\nL3NORU9Ml4dTZTFvyfR53DAfBgNVHSMEGDAWgBQAtSnyLY5vMeibTK14Pvrc6QzR\n0jAzBggrBgEFBQcBAQQnMCUwIwYIKwYBBQUHMAKGF2h0dHA6Ly9yMTIuaS5sZW5j\nci5vcmcvMCcGA1UdEQQgMB6CDioub3JieXRlZS50ZWNoggxvcmJ5dGVlLnRlY2gw\nEwYDVR0gBAwwCjAIBgZngQwBAgEwLwYDVR0fBCgwJjAkoCKgIIYeaHR0cDovL3Ix\nMi5jLmxlbmNyLm9yZy8xMDIuY3JsMIIBCgYKKwYBBAHWeQIEAgSB+wSB+AD2AHUA\nyKPEf8ezrbk1awE/anoSbeM6TkOlxkb5l605dZkdz5oAAAGeO7JEGgAABAMARjBE\nAiASIZWBC4V/QNhFeKp+rAfXbZQKycM9a1y1IpRItlA+RAIgTyyFkVyb1BMYKDLr\nbxe21AO2D/yg2XiJBUrNJI5Jq5wAfQAai51rD/6/gbR5OcbSMQqG1tEC1PBG4hgs\nneNfXiYl7wAAAZ47skZUAAgAAAUAFCLEcgQDAEYwRAIgeeUzOqFVP1HQ4NCHeHPK\njas+vgfK7tirl3gOgNMhIbYCIHLvqZS8r8WGEyi124jckPXkfT9Q/0VDa0utYbyJ\nod/bMA0GCSqGSIb3DQEBCwUAA4IBAQCEkD5t/FnbHlnK+/e09GmYr8d4i6GKF6gO\nkODkixT3gfaar7nlMNErLjSJoSFBKwJXMCbDRuuKxYQixlXGISCkhGHJaEoIZN3m\n/fn8+wU92dV9FJW22ByUxJ7J0rzYqkVcd8psiDm2Vw8uu+nK7ZwWVLKl1Ylvj04J\ngnX8DHVnGjvIddHWL1Ljv03HAcZn3KxifBqUi4AyZru71aMQwFjsOyOQyFQl5k7u\nvZ2JmR/O0lwnyQy1PJrTs/0Qd+F/N3JbB4aH3nCEMeSYL8MpphuDQjrvyYTjvmnX\nu1Ru6/gX3dGrixergGTSoYb8eE9FLKqZBxIE/Kc3PB5bqCASvzsm\n-----END CERTIFICATE-----\n\n-----BEGIN CERTIFICATE-----\nMIIFBjCCAu6gAwIBAgIRAMISMktwqbSRcdxA9+KFJjwwDQYJKoZIhvcNAQELBQAw\nTzELMAkGA1UEBhMCVVMxKTAnBgNVBAoTIEludGVybmV0IFNlY3VyaXR5IFJlc2Vh\ncmNoIEdyb3VwMRUwEwYDVQQDEwxJU1JHIFJvb3QgWDEwHhcNMjQwMzEzMDAwMDAw\nWhcNMjcwMzEyMjM1OTU5WjAzMQswCQYDVQQGEwJVUzEWMBQGA1UEChMNTGV0J3Mg\nRW5jcnlwdDEMMAoGA1UEAxMDUjEyMIIBIjANBgkqhkiG9w0BAQEFAAOCAQ8AMIIB\nCgKCAQEA2pgodK2+lP474B7i5Ut1qywSf+2nAzJ+Npfs6DGPpRONC5kuHs0BUT1M\n5ShuCVUxqqUiXXL0LQfCTUA83wEjuXg39RplMjTmhnGdBO+ECFu9AhqZ66YBAJpz\nkG2Pogeg0JfT2kVhgTU9FPnEwF9q3AuWGrCf4yrqvSrWmMebcas7dA8827JgvlpL\nThjp2ypzXIlhZZ7+7Tymy05v5J75AEaz/xlNKmOzjmbGGIVwx1Blbzt05UiDDwhY\nXS0jnV6j/ujbAKHS9OMZTfLuevYnnuXNnC2i8n+cF63vEzc50bTILEHWhsDp7CH4\nWRt/uTp8n1wBnWIEwii9Cq08yhDsGwIDAQABo4H4MIH1MA4GA1UdDwEB/wQEAwIB\nhjAdBgNVHSUEFjAUBggrBgEFBQcDAgYIKwYBBQUHAwEwEgYDVR0TAQH/BAgwBgEB\n/wIBADAdBgNVHQ4EFgQUALUp8i2ObzHom0yteD763OkM0dIwHwYDVR0jBBgwFoAU\nebRZ5nu25eQBc4AIiMgaWPbpm24wMgYIKwYBBQUHAQEEJjAkMCIGCCsGAQUFBzAC\nhhZodHRwOi8veDEuaS5sZW5jci5vcmcvMBMGA1UdIAQMMAowCAYGZ4EMAQIBMCcG\nA1UdHwQgMB4wHKAaoBiGFmh0dHA6Ly94MS5jLmxlbmNyLm9yZy8wDQYJKoZIhvcN\nAQELBQADggIBAI910AnPanZIZTKS3rVEyIV29BWEjAK/duuz8eL5boSoVpHhkkv3\n4eoAeEiPdZLj5EZ7G2ArIK+gzhTlRQ1q4FKGpPPaFBSpqV/xbUb5UlAXQOnkHn3m\nFVj+qYv87/WeY+Bm4sN3Ox8BhyaU7UAQ3LeZ7N1X01xxQe4wIAAE3JVLUCiHmZL+\nqoCUtgYIFPgcg350QMUIWgxPXNGEncT921ne7nluI02V8pLUmClqXOsCwULw+PVO\nZCB7qOMxxMBoCUeL2Ll4oMpOSr5pJCpLN3tRA2s6P1KLs9TSrVhOk+7LX28NMUlI\nusQ/nxLJID0RhAeFtPjyOCOscQBA53+NRjSCak7P4A5jX7ppmkcJECL+S0i3kXVU\ny5Me5BbrU8973jZNv/ax6+ZK6TM8jWmimL6of6OrX7ZU6E2WqazzsFrLG3o2kySb\nzlhSgJ81Cl4tv3SbYiYXnJExKQvzf83DYotox3f0fwv7xln1A2ZLplCb0O+l/AK0\nYE0DS2FPxSAHi0iwMfW2nNHJrXcY3LLHD77gRgje4Eveubi2xxa+Nmk/hmhLdIET\niVDFanoCrMVIpQ59XWHkzdFmoHXHBV7oibVjGSO7ULSQ7MJ1Nz51phuDJSgAIU7A\n0zrLnOrAj/dfrlEWRhCvAgbuwLZX1A2sjNjXoPOHbsPiy+lO1KF8/XY7\n-----END CERTIFICATE-----\n",
            "created": "2026-05-18T15:25:00Z",
            "domain_names": [
              "*.orbytee.tech",
              "orbytee.tech"
            ],
            "fingerprint": "E3:57:3B:AC:5B:4E:2B:81:09:44:D8:0D:DE:6F:54:B8:00:70:D4:26:E1:63:58:2D:DA:F7:46:69:C7:95:B8:87",
            "id": 1627073,
            "labels": {},
            "name": "managed-certificate-1",
            "not_valid_after": "2026-08-16T14:28:08Z",
            "not_valid_before": "2026-05-18T14:28:09Z",
            "type": "managed",
            "with_selector": null
          },
          "sensitive_attributes": [],
          "identity_schema_version": 0
        }
      ]
    },
    {
      "mode": "managed",
      "type": "hcloud_firewall",
      "name": "app_fw",
      "provider": "provider[\"registry.terraform.io/hetznercloud/hcloud\"]",
      "instances": [
        {
          "schema_version": 0,
          "attributes": {
            "apply_to": [
              {
                "label_selector": "",
                "server": 131674267
              },
              {
                "label_selector": "",
                "server": 131674269
              }
            ],
            "id": "10990794",
            "labels": {},
            "name": "pm-b-app-fw",
            "rule": [
              {
                "description": "",
                "destination_ips": [],
                "direction": "in",
                "port": "22",
                "protocol": "tcp",
                "source_ips": [
                  "0.0.0.0/0",
                  "::/0"
                ]
              },
              {
                "description": "",
                "destination_ips": [],
                "direction": "in",
                "port": "80",
                "protocol": "tcp",
                "source_ips": [
                  "0.0.0.0/0",
                  "::/0"
                ]
              }
            ]
          },
          "sensitive_attributes": [],
          "identity_schema_version": 0,
          "private": "bnVsbA=="
        }
      ]
    },
    {
      "mode": "managed",
      "type": "hcloud_firewall",
      "name": "db_fw",
      "provider": "provider[\"registry.terraform.io/hetznercloud/hcloud\"]",
      "instances": [
        {
          "schema_version": 0,
          "attributes": {
            "apply_to": [
              {
                "label_selector": "",
                "server": 131674307
              }
            ],
            "id": "10990796",
            "labels": {},
            "name": "pm-b-db-fw",
            "rule": [
              {
                "description": "",
                "destination_ips": [],
                "direction": "in",
                "port": "22",
                "protocol": "tcp",
                "source_ips": [
                  "0.0.0.0/0",
                  "::/0"
                ]
              },
              {
                "description": "",
                "destination_ips": [],
                "direction": "in",
                "port": "5432",
                "protocol": "tcp",
                "source_ips": [
                  "138.199.225.78/32",
                  "88.99.84.245/32"
                ]
              }
            ]
          },
          "sensitive_attributes": [],
          "identity_schema_version": 0,
          "private": "bnVsbA==",
          "dependencies": [
            "hcloud_firewall.app_fw",
            "hcloud_server.app",
            "hcloud_ssh_key.project_key"
          ]
        }
      ]
    },
    {
      "mode": "managed",
      "type": "hcloud_firewall",
      "name": "ia_fw",
      "provider": "provider[\"registry.terraform.io/hetznercloud/hcloud\"]",
      "instances": [
        {
          "schema_version": 0,
          "attributes": {
            "apply_to": [
              {
                "label_selector": "",
                "server": 131674268
              }
            ],
            "id": "10990793",
            "labels": {},
            "name": "pm-b-ia-fw",
            "rule": [
              {
                "description": "",
                "destination_ips": [],
                "direction": "in",
                "port": "22",
                "protocol": "tcp",
                "source_ips": [
                  "0.0.0.0/0",
                  "::/0"
                ]
              },
              {
                "description": "",
                "destination_ips": [],
                "direction": "in",
                "port": "8000",
                "protocol": "tcp",
                "source_ips": [
                  "0.0.0.0/0",
                  "::/0"
                ]
              }
            ]
          },
          "sensitive_attributes": [],
          "identity_schema_version": 0,
          "private": "bnVsbA=="
        }
      ]
    },
    {
      "mode": "managed",
      "type": "hcloud_load_balancer",
      "name": "ia_lb",
      "provider": "provider[\"registry.terraform.io/hetznercloud/hcloud\"]",
      "instances": [
        {
          "schema_version": 0,
          "attributes": {
            "algorithm": [
              {
                "type": "round_robin"
              }
            ],
            "delete_protection": false,
            "id": "6362458",
            "ipv4": "91.98.220.102",
            "ipv6": "2a01:4f8:c01e:2bba::1",
            "labels": {},
            "load_balancer_type": "lb11",
            "location": "fsn1",
            "name": "pm-b-ia-lb",
            "network_id": null,
            "network_ip": null,
            "network_zone": "eu-central",
            "target": [
              {
                "server_id": 131674268,
                "type": "server",
                "use_private_ip": false
              }
            ]
          },
          "sensitive_attributes": [],
          "identity_schema_version": 0,
          "private": "bnVsbA=="
        }
      ]
    },
    {
      "mode": "managed",
      "type": "hcloud_load_balancer",
      "name": "lb",
      "provider": "provider[\"registry.terraform.io/hetznercloud/hcloud\"]",
      "instances": [
        {
          "schema_version": 0,
          "attributes": {
            "algorithm": [
              {
                "type": "round_robin"
              }
            ],
            "delete_protection": false,
            "id": "6362459",
            "ipv4": "128.140.31.134",
            "ipv6": "2a01:4f8:c01e:ae1::1",
            "labels": {},
            "load_balancer_type": "lb11",
            "location": "fsn1",
            "name": "pm-b-lb",
            "network_id": null,
            "network_ip": null,
            "network_zone": "eu-central",
            "target": [
              {
                "server_id": 131674267,
                "type": "server",
                "use_private_ip": false
              },
              {
                "server_id": 131674269,
                "type": "server",
                "use_private_ip": false
              }
            ]
          },
          "sensitive_attributes": [],
          "identity_schema_version": 0,
          "private": "bnVsbA=="
        }
      ]
    },
    {
      "mode": "managed",
      "type": "hcloud_load_balancer_service",
      "name": "http",
      "provider": "provider[\"registry.terraform.io/hetznercloud/hcloud\"]",
      "instances": [
        {
          "schema_version": 0,
          "attributes": {
            "destination_port": 80,
            "health_check": [
              {
                "http": [
                  {
                    "domain": "",
                    "path": "/",
                    "response": "",
                    "status_codes": [
                      "3??",
                      "2??"
                    ],
                    "tls": false
                  }
                ],
                "interval": 15,
                "port": 80,
                "protocol": "http",
                "retries": 3,
                "timeout": 10
              }
            ],
            "http": [
              {
                "certificates": [],
                "cookie_lifetime": 300,
                "cookie_name": "HCLBSTICKY",
                "redirect_http": false,
                "sticky_sessions": false
              }
            ],
            "id": "6362459__80",
            "listen_port": 80,
            "load_balancer_id": "6362459",
            "protocol": "http",
            "proxyprotocol": false
          },
          "sensitive_attributes": [],
          "identity_schema_version": 0,
          "private": "bnVsbA==",
          "dependencies": [
            "hcloud_load_balancer.lb"
          ]
        }
      ]
    },
    {
      "mode": "managed",
      "type": "hcloud_load_balancer_service",
      "name": "https_service",
      "provider": "provider[\"registry.terraform.io/hetznercloud/hcloud\"]",
      "instances": [
        {
          "schema_version": 0,
          "attributes": {
            "destination_port": 80,
            "health_check": [
              {
                "http": [
                  {
                    "domain": "",
                    "path": "/",
                    "response": "",
                    "status_codes": [
                      "3??",
                      "2??"
                    ],
                    "tls": false
                  }
                ],
                "interval": 15,
                "port": 80,
                "protocol": "http",
                "retries": 3,
                "timeout": 10
              }
            ],
            "http": [
              {
                "certificates": [
                  1627073
                ],
                "cookie_lifetime": 300,
                "cookie_name": "HCLBSTICKY",
                "redirect_http": false,
                "sticky_sessions": false
              }
            ],
            "id": "6362459__443",
            "listen_port": 443,
            "load_balancer_id": "6362459",
            "protocol": "https",
            "proxyprotocol": false
          },
          "sensitive_attributes": [],
          "identity_schema_version": 0,
          "private": "bnVsbA==",
          "dependencies": [
            "data.hcloud_certificate.mon_certificat_fixe",
            "hcloud_load_balancer.lb"
          ]
        }
      ]
    },
    {
      "mode": "managed",
      "type": "hcloud_load_balancer_service",
      "name": "ia_http",
      "provider": "provider[\"registry.terraform.io/hetznercloud/hcloud\"]",
      "instances": [
        {
          "schema_version": 0,
          "attributes": {
            "destination_port": 8000,
            "health_check": [
              {
                "http": [
                  {
                    "domain": "",
                    "path": "/docs",
                    "response": "",
                    "status_codes": [
                      "2??",
                      "3??"
                    ],
                    "tls": false
                  }
                ],
                "interval": 15,
                "port": 8000,
                "protocol": "http",
                "retries": 3,
                "timeout": 10
              }
            ],
            "http": [
              {
                "certificates": [],
                "cookie_lifetime": 300,
                "cookie_name": "HCLBSTICKY",
                "redirect_http": false,
                "sticky_sessions": false
              }
            ],
            "id": "6362458__8000",
            "listen_port": 8000,
            "load_balancer_id": "6362458",
            "protocol": "http",
            "proxyprotocol": false
          },
          "sensitive_attributes": [],
          "identity_schema_version": 0,
          "private": "bnVsbA==",
          "dependencies": [
            "hcloud_load_balancer.ia_lb"
          ]
        }
      ]
    },
    {
      "mode": "managed",
      "type": "hcloud_load_balancer_service",
      "name": "ia_https",
      "provider": "provider[\"registry.terraform.io/hetznercloud/hcloud\"]",
      "instances": [
        {
          "schema_version": 0,
          "attributes": {
            "destination_port": 8000,
            "health_check": [
              {
                "http": [
                  {
                    "domain": "",
                    "path": "/docs",
                    "response": "",
                    "status_codes": [
                      "2??",
                      "3??"
                    ],
                    "tls": false
                  }
                ],
                "interval": 15,
                "port": 8000,
                "protocol": "http",
                "retries": 3,
                "timeout": 10
              }
            ],
            "http": [
              {
                "certificates": [
                  1627073
                ],
                "cookie_lifetime": 300,
                "cookie_name": "HCLBSTICKY",
                "redirect_http": false,
                "sticky_sessions": false
              }
            ],
            "id": "6362458__443",
            "listen_port": 443,
            "load_balancer_id": "6362458",
            "protocol": "https",
            "proxyprotocol": false
          },
          "sensitive_attributes": [],
          "identity_schema_version": 0,
          "private": "bnVsbA==",
          "dependencies": [
            "data.hcloud_certificate.mon_certificat_fixe",
            "hcloud_load_balancer.ia_lb"
          ]
        }
      ]
    },
    {
      "mode": "managed",
      "type": "hcloud_load_balancer_target",
      "name": "app_targets",
      "provider": "provider[\"registry.terraform.io/hetznercloud/hcloud\"]",
      "instances": [
        {
          "index_key": 0,
          "schema_version": 0,
          "attributes": {
            "id": "lb-srv-tgt-131674269-6362459",
            "ip": null,
            "label_selector": null,
            "load_balancer_id": 6362459,
            "server_id": 131674269,
            "type": "server",
            "use_private_ip": false
          },
          "sensitive_attributes": [],
          "identity_schema_version": 0,
          "private": "bnVsbA==",
          "dependencies": [
            "hcloud_firewall.app_fw",
            "hcloud_load_balancer.lb",
            "hcloud_server.app",
            "hcloud_ssh_key.project_key"
          ]
        },
        {
          "index_key": 1,
          "schema_version": 0,
          "attributes": {
            "id": "lb-srv-tgt-131674267-6362459",
            "ip": null,
            "label_selector": null,
            "load_balancer_id": 6362459,
            "server_id": 131674267,
            "type": "server",
            "use_private_ip": false
          },
          "sensitive_attributes": [],
          "identity_schema_version": 0,
          "private": "bnVsbA==",
          "dependencies": [
            "hcloud_firewall.app_fw",
            "hcloud_load_balancer.lb",
            "hcloud_server.app",
            "hcloud_ssh_key.project_key"
          ]
        }
      ]
    },
    {
      "mode": "managed",
      "type": "hcloud_load_balancer_target",
      "name": "ia_target",
      "provider": "provider[\"registry.terraform.io/hetznercloud/hcloud\"]",
      "instances": [
        {
          "schema_version": 0,
          "attributes": {
            "id": "lb-srv-tgt-131674268-6362458",
            "ip": null,
            "label_selector": null,
            "load_balancer_id": 6362458,
            "server_id": 131674268,
            "type": "server",
            "use_private_ip": false
          },
          "sensitive_attributes": [],
          "identity_schema_version": 0,
          "private": "bnVsbA==",
          "dependencies": [
            "hcloud_firewall.ia_fw",
            "hcloud_load_balancer.ia_lb",
            "hcloud_server.ia",
            "hcloud_ssh_key.project_key"
          ]
        }
      ]
    },
    {
      "mode": "managed",
      "type": "hcloud_server",
      "name": "app",
      "provider": "provider[\"registry.terraform.io/hetznercloud/hcloud\"]",
      "instances": [
        {
          "index_key": 0,
          "schema_version": 0,
          "attributes": {
            "allow_deprecated_images": false,
            "backup_window": "",
            "backups": false,
            "datacenter": "fsn1-dc14",
            "delete_protection": false,
            "firewall_ids": [
              10990794
            ],
            "id": "131674269",
            "ignore_remote_firewall_ids": false,
            "image": "ubuntu-22.04",
            "ipv4_address": "138.199.225.78",
            "ipv6_address": "2a01:4f8:c014:148c::1",
            "ipv6_network": "2a01:4f8:c014:148c::/64",
            "iso": null,
            "keep_disk": false,
            "labels": {},
            "location": "fsn1",
            "name": "pm-b-app-1",
            "network": [],
            "placement_group_id": 0,
            "primary_disk_size": 80,
            "public_net": [],
            "rebuild_protection": false,
            "rescue": null,
            "server_type": "cpx22",
            "shutdown_before_deletion": false,
            "ssh_keys": [
              "112471989"
            ],
            "status": "running",
            "timeouts": null,
            "user_data": null
          },
          "sensitive_attributes": [],
          "identity_schema_version": 0,
          "private": "eyJlMmJmYjczMC1lY2FhLTExZTYtOGY4OC0zNDM2M2JjN2M0YzAiOnsiY3JlYXRlIjo1NDAwMDAwMDAwMDAwfX0=",
          "dependencies": [
            "hcloud_firewall.app_fw",
            "hcloud_ssh_key.project_key"
          ]
        },
        {
          "index_key": 1,
          "schema_version": 0,
          "attributes": {
            "allow_deprecated_images": false,
            "backup_window": "",
            "backups": false,
            "datacenter": "fsn1-dc14",
            "delete_protection": false,
            "firewall_ids": [
              10990794
            ],
            "id": "131674267",
            "ignore_remote_firewall_ids": false,
            "image": "ubuntu-22.04",
            "ipv4_address": "88.99.84.245",
            "ipv6_address": "2a01:4f8:1c17:786e::1",
            "ipv6_network": "2a01:4f8:1c17:786e::/64",
            "iso": null,
            "keep_disk": false,
            "labels": {},
            "location": "fsn1",
            "name": "pm-b-app-2",
            "network": [],
            "placement_group_id": 0,
            "primary_disk_size": 80,
            "public_net": [],
            "rebuild_protection": false,
            "rescue": null,
            "server_type": "cpx22",
            "shutdown_before_deletion": false,
            "ssh_keys": [
              "112471989"
            ],
            "status": "running",
            "timeouts": null,
            "user_data": null
          },
          "sensitive_attributes": [],
          "identity_schema_version": 0,
          "private": "eyJlMmJmYjczMC1lY2FhLTExZTYtOGY4OC0zNDM2M2JjN2M0YzAiOnsiY3JlYXRlIjo1NDAwMDAwMDAwMDAwfX0=",
          "dependencies": [
            "hcloud_firewall.app_fw",
            "hcloud_ssh_key.project_key"
          ]
        }
      ]
    },
    {
      "mode": "managed",
      "type": "hcloud_server",
      "name": "db",
      "provider": "provider[\"registry.terraform.io/hetznercloud/hcloud\"]",
      "instances": [
        {
          "schema_version": 0,
          "attributes": {
            "allow_deprecated_images": false,
            "backup_window": "",
            "backups": false,
            "datacenter": "fsn1-dc14",
            "delete_protection": false,
            "firewall_ids": [
              10990796
            ],
            "id": "131674307",
            "ignore_remote_firewall_ids": false,
            "image": "ubuntu-22.04",
            "ipv4_address": "178.104.191.178",
            "ipv6_address": "2a01:4f8:c014:60d7::1",
            "ipv6_network": "2a01:4f8:c014:60d7::/64",
            "iso": null,
            "keep_disk": false,
            "labels": {},
            "location": "fsn1",
            "name": "pm-b-db-1",
            "network": [],
            "placement_group_id": 0,
            "primary_disk_size": 80,
            "public_net": [],
            "rebuild_protection": false,
            "rescue": null,
            "server_type": "cpx22",
            "shutdown_before_deletion": false,
            "ssh_keys": [
              "112471989"
            ],
            "status": "running",
            "timeouts": null,
            "user_data": null
          },
          "sensitive_attributes": [],
          "identity_schema_version": 0,
          "private": "eyJlMmJmYjczMC1lY2FhLTExZTYtOGY4OC0zNDM2M2JjN2M0YzAiOnsiY3JlYXRlIjo1NDAwMDAwMDAwMDAwfX0=",
          "dependencies": [
            "hcloud_firewall.app_fw",
            "hcloud_firewall.db_fw",
            "hcloud_server.app",
            "hcloud_ssh_key.project_key"
          ]
        }
      ]
    },
    {
      "mode": "managed",
      "type": "hcloud_server",
      "name": "ia",
      "provider": "provider[\"registry.terraform.io/hetznercloud/hcloud\"]",
      "instances": [
        {
          "schema_version": 0,
          "attributes": {
            "allow_deprecated_images": false,
            "backup_window": "",
            "backups": false,
            "datacenter": "fsn1-dc14",
            "delete_protection": false,
            "firewall_ids": [
              10990793
            ],
            "id": "131674268",
            "ignore_remote_firewall_ids": false,
            "image": "ubuntu-22.04",
            "ipv4_address": "91.107.205.217",
            "ipv6_address": "2a01:4f8:c013:23d0::1",
            "ipv6_network": "2a01:4f8:c013:23d0::/64",
            "iso": null,
            "keep_disk": false,
            "labels": {},
            "location": "fsn1",
            "name": "pm-b-ia-1",
            "network": [],
            "placement_group_id": 0,
            "primary_disk_size": 80,
            "public_net": [],
            "rebuild_protection": false,
            "rescue": null,
            "server_type": "cpx22",
            "shutdown_before_deletion": false,
            "ssh_keys": [
              "112471989"
            ],
            "status": "running",
            "timeouts": null,
            "user_data": null
          },
          "sensitive_attributes": [],
          "identity_schema_version": 0,
          "private": "eyJlMmJmYjczMC1lY2FhLTExZTYtOGY4OC0zNDM2M2JjN2M0YzAiOnsiY3JlYXRlIjo1NDAwMDAwMDAwMDAwfX0=",
          "dependencies": [
            "hcloud_firewall.ia_fw",
            "hcloud_ssh_key.project_key"
          ]
        }
      ]
    },
    {
      "mode": "managed",
      "type": "hcloud_ssh_key",
      "name": "project_key",
      "provider": "provider[\"registry.terraform.io/hetznercloud/hcloud\"]",
      "instances": [
        {
          "schema_version": 0,
          "attributes": {
            "fingerprint": "94:fe:5c:e9:8f:ee:96:80:a7:b5:1e:7d:b5:4c:81:83",
            "id": "112471989",
            "labels": {},
            "name": "pm-b-infra-key",
            "public_key": "ssh-ed25519 AAAAC3NzaC1lZDI1NTE5AAAAINCa/d1+bKsJMnyfsujXnt4zPYMFZ4cswcNdnUbz2e+l pm-b-infra\r\n"
          },
          "sensitive_attributes": [],
          "identity_schema_version": 0
        }
      ]
    },
    {
      "mode": "managed",
      "type": "local_file",
      "name": "inventory",
      "provider": "provider[\"registry.terraform.io/hashicorp/local\"]",
      "instances": [
        {
          "schema_version": 0,
          "attributes": {
            "content": "# inventory.ini\r\n#\r\n# This is a simple static inventory for beginners.\r\n# Replace the IPs with the outputs from Terraform.\r\n\r\n[app]\r\n# Two application servers (example IPs below).\r\napp1 ansible_host=138.199.225.78\r\napp2 ansible_host=88.99.84.245\r\n\r\n[db]\r\n# One database server (example IP below).\r\ndb1 ansible_host=178.104.191.178\r\n\r\n[ia]\r\n# One IA server (replace with Terraform output ia_public_ip).\r\nia1 ansible_host=91.107.205.217\r\n\r\n[all:vars]\r\n# Default SSH user (Hetzner Ubuntu images use root).\r\nansible_user=root\r\n# Path to your private key (WSL path, adjust if needed).\r\nansible_ssh_private_key_file=\"~/.ssh/pm-b-infra\"\r\n# Disable host key checking for first time setup (simple start).\r\nansible_ssh_common_args=\"-o StrictHostKeyChecking=no\"\r\n",
            "content_base64": null,
            "content_base64sha256": "MzUBYX0JluUmAS3VG8Wt5wr9SSP7PJGrZYigh4bgDPU=",
            "content_base64sha512": "bzX7rH8CKSu7F1sxXXyVLSxTlYXpzVPk8CNAYl9qU1hH0K82zX8PjTcXr6a6m8R3Vs94zZMYwjsy5BMAVcGq8A==",
            "content_md5": "a669e34fd0f2323090f42b73bd598bec",
            "content_sha1": "8a613729d999a093adc58e6f40379c52ff4deb91",
            "content_sha256": "333501617d0996e526012dd51bc5ade70afd4923fb3c91ab6588a08786e00cf5",
            "content_sha512": "6f35fbac7f02292bbb175b315d7c952d2c539585e9cd53e4f02340625f6a535847d0af36cd7f0f8d3717afa6ba9bc47756cf78cd9318c23b32e4130055c1aaf0",
            "directory_permission": "0777",
            "file_permission": "0777",
            "filename": "./../ansible/inventory.ini",
            "id": "8a613729d999a093adc58e6f40379c52ff4deb91",
            "sensitive_content": null,
            "source": null
          },
          "sensitive_attributes": [
            [
              {
                "type": "get_attr",
                "value": "sensitive_content"
              }
            ]
          ],
          "identity_schema_version": 0,
          "dependencies": [
            "hcloud_firewall.app_fw",
            "hcloud_firewall.db_fw",
            "hcloud_firewall.ia_fw",
            "hcloud_server.app",
            "hcloud_server.db",
            "hcloud_server.ia",
            "hcloud_ssh_key.project_key"
          ]
        }
      ]
    }
  ],
  "check_results": null
}
