{
  "version": 4,
  "terraform_version": "1.15.1",
  "serial": 1085,
  "lineage": "d9e1e008-eb2a-0ea5-0248-d660e0d6e74c",
  "outputs": {
    "ia_load_balancer_ip": {
      "value": "91.98.220.102",
      "type": "string"
    },
    "load_balancer_ip": {
      "value": "128.140.31.134",
      "type": "string"
    }
  },
  "resources": [
    {
      "mode": "managed",
      "type": "hcloud_firewall",
      "name": "app_fw",
      "provider": "provider[\"registry.terraform.io/hetznercloud/hcloud\"]",
      "instances": [
        {
          "schema_version": 0,
          "attributes": {
            "apply_to": [
              {
                "label_selector": "",
                "server": 131638400
              }
            ],
            "id": "10989977",
            "labels": {},
            "name": "pm-b-app-fw",
            "rule": [
              {
                "description": "",
                "destination_ips": [],
                "direction": "in",
                "port": "22",
                "protocol": "tcp",
                "source_ips": [
                  "0.0.0.0/0",
                  "::/0"
                ]
              },
              {
                "description": "",
                "destination_ips": [],
                "direction": "in",
                "port": "80",
                "protocol": "tcp",
                "source_ips": [
                  "0.0.0.0/0",
                  "::/0"
                ]
              }
            ]
          },
          "sensitive_attributes": [],
          "identity_schema_version": 0,
          "private": "bnVsbA=="
        }
      ]
    },
    {
      "mode": "managed",
      "type": "hcloud_firewall",
      "name": "ia_fw",
      "provider": "provider[\"registry.terraform.io/hetznercloud/hcloud\"]",
      "instances": [
        {
          "schema_version": 0,
          "attributes": {
            "apply_to": [],
            "id": "10989976",
            "labels": {},
            "name": "pm-b-ia-fw",
            "rule": [
              {
                "description": "",
                "destination_ips": [],
                "direction": "in",
                "port": "22",
                "protocol": "tcp",
                "source_ips": [
                  "0.0.0.0/0",
                  "::/0"
                ]
              },
              {
                "description": "",
                "destination_ips": [],
                "direction": "in",
                "port": "8000",
                "protocol": "tcp",
                "source_ips": [
                  "0.0.0.0/0",
                  "::/0"
                ]
              }
            ]
          },
          "sensitive_attributes": [],
          "identity_schema_version": 0,
          "private": "bnVsbA=="
        }
      ]
    },
    {
      "mode": "managed",
      "type": "hcloud_load_balancer",
      "name": "ia_lb",
      "provider": "provider[\"registry.terraform.io/hetznercloud/hcloud\"]",
      "instances": [
        {
          "schema_version": 0,
          "attributes": {
            "algorithm": [
              {
                "type": "round_robin"
              }
            ],
            "delete_protection": false,
            "id": "6361608",
            "ipv4": "91.98.220.102",
            "ipv6": "2a01:4f8:c01e:2bba::1",
            "labels": {},
            "load_balancer_type": "lb11",
            "location": "fsn1",
            "name": "pm-b-ia-lb",
            "network_id": null,
            "network_ip": null,
            "network_zone": "eu-central",
            "target": []
          },
          "sensitive_attributes": [],
          "identity_schema_version": 0,
          "private": "bnVsbA=="
        }
      ]
    },
    {
      "mode": "managed",
      "type": "hcloud_load_balancer",
      "name": "lb",
      "provider": "provider[\"registry.terraform.io/hetznercloud/hcloud\"]",
      "instances": [
        {
          "schema_version": 0,
          "attributes": {
            "algorithm": [
              {
                "type": "round_robin"
              }
            ],
            "delete_protection": false,
            "id": "6361607",
            "ipv4": "128.140.31.134",
            "ipv6": "2a01:4f8:c01e:ae1::1",
            "labels": {},
            "load_balancer_type": "lb11",
            "location": "fsn1",
            "name": "pm-b-lb",
            "network_id": null,
            "network_ip": null,
            "network_zone": "eu-central",
            "target": []
          },
          "sensitive_attributes": [],
          "identity_schema_version": 0,
          "private": "bnVsbA=="
        }
      ]
    },
    {
      "mode": "managed",
      "type": "hcloud_load_balancer_service",
      "name": "http",
      "provider": "provider[\"registry.terraform.io/hetznercloud/hcloud\"]",
      "instances": [
        {
          "schema_version": 0,
          "attributes": {
            "destination_port": 80,
            "health_check": [
              {
                "http": [
                  {
                    "domain": "",
                    "path": "/",
                    "response": "",
                    "status_codes": [
                      "3??",
                      "2??"
                    ],
                    "tls": false
                  }
                ],
                "interval": 15,
                "port": 80,
                "protocol": "http",
                "retries": 3,
                "timeout": 10
              }
            ],
            "http": [
              {
                "certificates": [],
                "cookie_lifetime": 300,
                "cookie_name": "HCLBSTICKY",
                "redirect_http": false,
                "sticky_sessions": false
              }
            ],
            "id": "6361607__80",
            "listen_port": 80,
            "load_balancer_id": "6361607",
            "protocol": "http",
            "proxyprotocol": false
          },
          "sensitive_attributes": [],
          "identity_schema_version": 0,
          "private": "bnVsbA==",
          "dependencies": [
            "hcloud_load_balancer.lb"
          ]
        }
      ]
    },
    {
      "mode": "managed",
      "type": "hcloud_load_balancer_service",
      "name": "ia_http",
      "provider": "provider[\"registry.terraform.io/hetznercloud/hcloud\"]",
      "instances": [
        {
          "schema_version": 0,
          "attributes": {
            "destination_port": 8000,
            "health_check": [
              {
                "http": [
                  {
                    "domain": "",
                    "path": "/docs",
                    "response": "",
                    "status_codes": [
                      "2??",
                      "3??"
                    ],
                    "tls": false
                  }
                ],
                "interval": 15,
                "port": 8000,
                "protocol": "http",
                "retries": 3,
                "timeout": 10
              }
            ],
            "http": [
              {
                "certificates": [],
                "cookie_lifetime": 300,
                "cookie_name": "HCLBSTICKY",
                "redirect_http": false,
                "sticky_sessions": false
              }
            ],
            "id": "6361608__8000",
            "listen_port": 8000,
            "load_balancer_id": "6361608",
            "protocol": "http",
            "proxyprotocol": false
          },
          "sensitive_attributes": [],
          "identity_schema_version": 0,
          "private": "bnVsbA==",
          "dependencies": [
            "hcloud_load_balancer.ia_lb"
          ]
        }
      ]
    },
    {
      "mode": "managed",
      "type": "hcloud_ssh_key",
      "name": "project_key",
      "provider": "provider[\"registry.terraform.io/hetznercloud/hcloud\"]",
      "instances": [
        {
          "schema_version": 0,
          "attributes": {
            "fingerprint": "94:fe:5c:e9:8f:ee:96:80:a7:b5:1e:7d:b5:4c:81:83",
            "id": "112465577",
            "labels": {},
            "name": "pm-b-infra-key",
            "public_key": "ssh-ed25519 AAAAC3NzaC1lZDI1NTE5AAAAINCa/d1+bKsJMnyfsujXnt4zPYMFZ4cswcNdnUbz2e+l pm-b-infra\r\n"
          },
          "sensitive_attributes": [],
          "identity_schema_version": 0
        }
      ]
    }
  ],
  "check_results": null
}
